# This file is automatically @generated by Cargo.
# It is not intended for manual editing.
version = 3

[[package]]
name = "microkit-rs"
version = "0.1.0"
dependencies = [
 "roxmltree",
]

[[package]]
name = "roxmltree"
version = "0.1.0"
source = "registry+https://github.com/rust-lang/crates.io-index"
checksum = "deb79f6167fd05bc84f9aee9988297a47aedc8105de51d1e5f68fa43215aebf7"
dependencies = [
 "xmlparser",
]

[[package]]
name = "xmlparser"
version = "0.6.1"
source = "registry+https://github.com/rust-lang/crates.io-index"
checksum = "ea75f29e9916cc12af3af844a59d2d2ba1ca33aa956e9a162240dc7124cc72bb"
